
Microsoft Visual Studio Solution File, Format Version 12.00
# Visual Studio Version 17
VisualStudioVersion = 17.7.34031.279
MinimumVisualStudioVersion = 10.0.40219.1
Project("{2150E333-8FDC-42A3-9474-1A3956D46DE8}") = "Task0", "Task0", "{E990DD2F-0CE5-4591-82BF-FCAB3EBE755C}"
EndProject
Project("{FAE04EC0-301F-11D3-BF4B-00C04F79EFBC}") = "Tyuiu.ZamyatinDY.Sprint5.Task0.V6", "Tyuiu.ZamyatinDY.Sprint5.Task0.V6\Tyuiu.ZamyatinDY.Sprint5.Task0.V6.csproj", "{FDDC1205-AE29-423C-BB4E-C6E07C5DEAC8}"
EndProject
Project("{FAE04EC0-301F-11D3-BF4B-00C04F79EFBC}") = "Tyuiu.ZamyatinDY.Sprint5.Task0.V6.Lib", "Tyuiu.ZamyatinDY.Sprint5.Task0.V6.Lib\Tyuiu.ZamyatinDY.Sprint5.Task0.V6.Lib.csproj", "{728C1FC7-6AC2-42FD-A4A7-761CF95A5FAD}"
EndProject
Project("{FAE04EC0-301F-11D3-BF4B-00C04F79EFBC}") = "Tyuiu.ZamyatinDY.Sprint5.Task0.V6.Test", "Tyuiu.ZamyatinDY.Sprint5.Task0.V6.Test\Tyuiu.ZamyatinDY.Sprint5.Task0.V6.Test.csproj", "{66296BD0-AD9D-49DC-BFD9-3FB831680785}"
EndProject
Project("{2150E333-8FDC-42A3-9474-1A3956D46DE8}") = "Task1", "Task1", "{61699334-9F93-440A-8A38-97F007C3BBB4}"
EndProject
Project("{FAE04EC0-301F-11D3-BF4B-00C04F79EFBC}") = "Tyuiu.ZamyatinDY.Sprint5.Task1.V29", "Tyuiu.ZamyatinDY.Sprint5.Task1.V29\Tyuiu.ZamyatinDY.Sprint5.Task1.V29.csproj", "{B4B6DF51-BC69-4156-A260-24E5AC472381}"
EndProject
Project("{FAE04EC0-301F-11D3-BF4B-00C04F79EFBC}") = "Tyuiu.ZamyatinDY.Sprint5.Task1.V29.Lib", "Tyuiu.ZamyatinDY.Sprint5.Task1.V29.Lib\Tyuiu.ZamyatinDY.Sprint5.Task1.V29.Lib.csproj", "{5E8E889E-4D39-4309-BB8C-1F5ABC16EBBC}"
EndProject
Project("{FAE04EC0-301F-11D3-BF4B-00C04F79EFBC}") = "Tyuiu.ZamyatinDY.Sprint5.Task1.V29.Test", "Tyuiu.ZamyatinDY.Sprint5.Task1.V29.Test\Tyuiu.ZamyatinDY.Sprint5.Task1.V29.Test.csproj", "{354F4F01-7683-4F82-9B45-757A3DE1ABFA}"
EndProject
Project("{2150E333-8FDC-42A3-9474-1A3956D46DE8}") = "Task2", "Task2", "{098211B6-0D3E-49C5-A90C-AE1EBB6B2699}"
EndProject
Project("{FAE04EC0-301F-11D3-BF4B-00C04F79EFBC}") = "Tyuiu.ZamyatinDY.Sprint5.Task2.V22.Test", "Tyuiu.ZamyatinDY.Sprint5.Task2.V22.Test\Tyuiu.ZamyatinDY.Sprint5.Task2.V22.Test.csproj", "{6AE0C698-9077-4ED9-B38D-16C660495B33}"
EndProject
Project("{FAE04EC0-301F-11D3-BF4B-00C04F79EFBC}") = "Tyuiu.ZamyatinDY.Sprint5.Task2.V22.Lib", "Tyuiu.ZamyatinDY.Sprint5.Task2.V22.Lib\Tyuiu.ZamyatinDY.Sprint5.Task2.V22.Lib.csproj", "{CFD6BD11-D0E5-496B-8428-74E567DA0265}"
EndProject
Project("{FAE04EC0-301F-11D3-BF4B-00C04F79EFBC}") = "Tyuiu.ZamyatinDY.Sprint5.Task2.V22", "Tyuiu.ZamyatinDY.Sprint5.Task2.V22\Tyuiu.ZamyatinDY.Sprint5.Task2.V22.csproj", "{F2160E7D-E048-49AE-8B18-D1D02156BBFC}"
EndProject
Project("{2150E333-8FDC-42A3-9474-1A3956D46DE8}") = "Task3", "Task3", "{04F612AE-30B3-4E97-801A-C8408D1A039F}"
EndProject
Project("{FAE04EC0-301F-11D3-BF4B-00C04F79EFBC}") = "Tyuiu.ZamyatinDY.Sprint5.Task3.V4.Test", "Tyuiu.ZamyatinDY.Sprint5.Task3.V4.Test\Tyuiu.ZamyatinDY.Sprint5.Task3.V4.Test.csproj", "{12E9603D-E2DE-41CF-B860-06AB0CF73495}"
EndProject
Project("{FAE04EC0-301F-11D3-BF4B-00C04F79EFBC}") = "Tyuiu.ZamyatinDY.Sprint5.Task3.V4.Lib", "Tyuiu.ZamyatinDY.Sprint5.Task3.V4.Lib\Tyuiu.ZamyatinDY.Sprint5.Task3.V4.Lib.csproj", "{B08719C5-BD13-41E3-B612-FC8E2347A1D1}"
EndProject
Project("{FAE04EC0-301F-11D3-BF4B-00C04F79EFBC}") = "Tyuiu.ZamyatinDY.Sprint5.Task3.V4", "Tyuiu.ZamyatinDY.Sprint5.Task3.V4\Tyuiu.ZamyatinDY.Sprint5.Task3.V4.csproj", "{9827FA72-DE45-4775-A4C9-25C0D06AB308}"
EndProject
Project("{2150E333-8FDC-42A3-9474-1A3956D46DE8}") = "Task4", "Task4", "{36649A39-1907-4B57-88F0-CDB637D838E9}"
EndProject
Project("{FAE04EC0-301F-11D3-BF4B-00C04F79EFBC}") = "Tyuiu.ZamyatinDY.Sprint5.Task4.V28", "Tyuiu.ZamyatinDY.Sprint5.Task4.V28\Tyuiu.ZamyatinDY.Sprint5.Task4.V28.csproj", "{74822284-7A58-43A7-A4AE-DBCA0230BF02}"
EndProject
Project("{FAE04EC0-301F-11D3-BF4B-00C04F79EFBC}") = "Tyuiu.ZamyatinDY.Sprint5.Task4.V28.Lib", "Tyuiu.ZamyatinDY.Sprint5.Task4.V28.Lib\Tyuiu.ZamyatinDY.Sprint5.Task4.V28.Lib.csproj", "{43AF46B5-5611-4F5B-A22F-FA6529139B4E}"
EndProject
Project("{FAE04EC0-301F-11D3-BF4B-00C04F79EFBC}") = "Tyuiu.ZamyatinDY.Sprint5.Task4.V28.Test", "Tyuiu.ZamyatinDY.Sprint5.Task4.V28.Test\Tyuiu.ZamyatinDY.Sprint5.Task4.V28.Test.csproj", "{4CCEB3D3-258F-4DE1-A486-6B3D839C9989}"
EndProject
Project("{2150E333-8FDC-42A3-9474-1A3956D46DE8}") = "Task5", "Task5", "{D705DB51-2F23-4989-A059-1B480CF71D84}"
EndProject
Project("{FAE04EC0-301F-11D3-BF4B-00C04F79EFBC}") = "Tyuiu.ZamyatinDY.Sptint5.Task5.V27", "Tyuiu.ZamyatinDY.Sptint5.Task5.V27\Tyuiu.ZamyatinDY.Sptint5.Task5.V27.csproj", "{4093E636-4AE5-4510-B637-AD1B08C84A6B}"
EndProject
Project("{FAE04EC0-301F-11D3-BF4B-00C04F79EFBC}") = "Tyuiu.ZamyatinDY.Sptint5.Task5.V27.Lib", "Tyuiu.ZamyatinDY.Sptint5.Task5.V27.Lib\Tyuiu.ZamyatinDY.Sptint5.Task5.V27.Lib.csproj", "{28743B1E-CCBB-454A-80F9-C4FA68C9BB8B}"
EndProject
Project("{FAE04EC0-301F-11D3-BF4B-00C04F79EFBC}") = "Tyuiu.ZamyatinDY.Sptint5.Task5.V27.Test", "Tyuiu.ZamyatinDY.Sptint5.Task5.V27.Test\Tyuiu.ZamyatinDY.Sptint5.Task5.V27.Test.csproj", "{2C9DBF85-8326-4FF8-BBE3-624B10353E79}"
EndProject
Global
	GlobalSection(SolutionConfigurationPlatforms) = preSolution
		Debug|Any CPU = Debug|Any CPU
		Release|Any CPU = Release|Any CPU
	EndGlobalSection
	GlobalSection(ProjectConfigurationPlatforms) = postSolution
		{FDDC1205-AE29-423C-BB4E-C6E07C5DEAC8}.Debug|Any CPU.ActiveCfg = Debug|Any CPU
		{FDDC1205-AE29-423C-BB4E-C6E07C5DEAC8}.Debug|Any CPU.Build.0 = Debug|Any CPU
		{FDDC1205-AE29-423C-BB4E-C6E07C5DEAC8}.Release|Any CPU.ActiveCfg = Release|Any CPU
		{FDDC1205-AE29-423C-BB4E-C6E07C5DEAC8}.Release|Any CPU.Build.0 = Release|Any CPU
		{728C1FC7-6AC2-42FD-A4A7-761CF95A5FAD}.Debug|Any CPU.ActiveCfg = Debug|Any CPU
		{728C1FC7-6AC2-42FD-A4A7-761CF95A5FAD}.Debug|Any CPU.Build.0 = Debug|Any CPU
		{728C1FC7-6AC2-42FD-A4A7-761CF95A5FAD}.Release|Any CPU.ActiveCfg = Release|Any CPU
		{728C1FC7-6AC2-42FD-A4A7-761CF95A5FAD}.Release|Any CPU.Build.0 = Release|Any CPU
		{66296BD0-AD9D-49DC-BFD9-3FB831680785}.Debug|Any CPU.ActiveCfg = Debug|Any CPU
		{66296BD0-AD9D-49DC-BFD9-3FB831680785}.Debug|Any CPU.Build.0 = Debug|Any CPU
		{66296BD0-AD9D-49DC-BFD9-3FB831680785}.Release|Any CPU.ActiveCfg = Release|Any CPU
		{66296BD0-AD9D-49DC-BFD9-3FB831680785}.Release|Any CPU.Build.0 = Release|Any CPU
		{B4B6DF51-BC69-4156-A260-24E5AC472381}.Debug|Any CPU.ActiveCfg = Debug|Any CPU
		{B4B6DF51-BC69-4156-A260-24E5AC472381}.Debug|Any CPU.Build.0 = Debug|Any CPU
		{B4B6DF51-BC69-4156-A260-24E5AC472381}.Release|Any CPU.ActiveCfg = Release|Any CPU
		{B4B6DF51-BC69-4156-A260-24E5AC472381}.Release|Any CPU.Build.0 = Release|Any CPU
		{5E8E889E-4D39-4309-BB8C-1F5ABC16EBBC}.Debug|Any CPU.ActiveCfg = Debug|Any CPU
		{5E8E889E-4D39-4309-BB8C-1F5ABC16EBBC}.Debug|Any CPU.Build.0 = Debug|Any CPU
		{5E8E889E-4D39-4309-BB8C-1F5ABC16EBBC}.Release|Any CPU.ActiveCfg = Release|Any CPU
		{5E8E889E-4D39-4309-BB8C-1F5ABC16EBBC}.Release|Any CPU.Build.0 = Release|Any CPU
		{354F4F01-7683-4F82-9B45-757A3DE1ABFA}.Debug|Any CPU.ActiveCfg = Debug|Any CPU
		{354F4F01-7683-4F82-9B45-757A3DE1ABFA}.Debug|Any CPU.Build.0 = Debug|Any CPU
		{354F4F01-7683-4F82-9B45-757A3DE1ABFA}.Release|Any CPU.ActiveCfg = Release|Any CPU
		{354F4F01-7683-4F82-9B45-757A3DE1ABFA}.Release|Any CPU.Build.0 = Release|Any CPU
		{6AE0C698-9077-4ED9-B38D-16C660495B33}.Debug|Any CPU.ActiveCfg = Debug|Any CPU
		{6AE0C698-9077-4ED9-B38D-16C660495B33}.Debug|Any CPU.Build.0 = Debug|Any CPU
		{6AE0C698-9077-4ED9-B38D-16C660495B33}.Release|Any CPU.ActiveCfg = Release|Any CPU
		{6AE0C698-9077-4ED9-B38D-16C660495B33}.Release|Any CPU.Build.0 = Release|Any CPU
		{CFD6BD11-D0E5-496B-8428-74E567DA0265}.Debug|Any CPU.ActiveCfg = Debug|Any CPU
		{CFD6BD11-D0E5-496B-8428-74E567DA0265}.Debug|Any CPU.Build.0 = Debug|Any CPU
		{CFD6BD11-D0E5-496B-8428-74E567DA0265}.Release|Any CPU.ActiveCfg = Release|Any CPU
		{CFD6BD11-D0E5-496B-8428-74E567DA0265}.Release|Any CPU.Build.0 = Release|Any CPU
		{F2160E7D-E048-49AE-8B18-D1D02156BBFC}.Debug|Any CPU.ActiveCfg = Debug|Any CPU
		{F2160E7D-E048-49AE-8B18-D1D02156BBFC}.Debug|Any CPU.Build.0 = Debug|Any CPU
		{F2160E7D-E048-49AE-8B18-D1D02156BBFC}.Release|Any CPU.ActiveCfg = Release|Any CPU
		{F2160E7D-E048-49AE-8B18-D1D02156BBFC}.Release|Any CPU.Build.0 = Release|Any CPU
		{12E9603D-E2DE-41CF-B860-06AB0CF73495}.Debug|Any CPU.ActiveCfg = Debug|Any CPU
		{12E9603D-E2DE-41CF-B860-06AB0CF73495}.Debug|Any CPU.Build.0 = Debug|Any CPU
		{12E9603D-E2DE-41CF-B860-06AB0CF73495}.Release|Any CPU.ActiveCfg = Release|Any CPU
		{12E9603D-E2DE-41CF-B860-06AB0CF73495}.Release|Any CPU.Build.0 = Release|Any CPU
		{B08719C5-BD13-41E3-B612-FC8E2347A1D1}.Debug|Any CPU.ActiveCfg = Debug|Any CPU
		{B08719C5-BD13-41E3-B612-FC8E2347A1D1}.Debug|Any CPU.Build.0 = Debug|Any CPU
		{B08719C5-BD13-41E3-B612-FC8E2347A1D1}.Release|Any CPU.ActiveCfg = Release|Any CPU
		{B08719C5-BD13-41E3-B612-FC8E2347A1D1}.Release|Any CPU.Build.0 = Release|Any CPU
		{9827FA72-DE45-4775-A4C9-25C0D06AB308}.Debug|Any CPU.ActiveCfg = Debug|Any CPU
		{9827FA72-DE45-4775-A4C9-25C0D06AB308}.Debug|Any CPU.Build.0 = Debug|Any CPU
		{9827FA72-DE45-4775-A4C9-25C0D06AB308}.Release|Any CPU.ActiveCfg = Release|Any CPU
		{9827FA72-DE45-4775-A4C9-25C0D06AB308}.Release|Any CPU.Build.0 = Release|Any CPU
		{74822284-7A58-43A7-A4AE-DBCA0230BF02}.Debug|Any CPU.ActiveCfg = Debug|Any CPU
		{74822284-7A58-43A7-A4AE-DBCA0230BF02}.Debug|Any CPU.Build.0 = Debug|Any CPU
		{74822284-7A58-43A7-A4AE-DBCA0230BF02}.Release|Any CPU.ActiveCfg = Release|Any CPU
		{74822284-7A58-43A7-A4AE-DBCA0230BF02}.Release|Any CPU.Build.0 = Release|Any CPU
		{43AF46B5-5611-4F5B-A22F-FA6529139B4E}.Debug|Any CPU.ActiveCfg = Debug|Any CPU
		{43AF46B5-5611-4F5B-A22F-FA6529139B4E}.Debug|Any CPU.Build.0 = Debug|Any CPU
		{43AF46B5-5611-4F5B-A22F-FA6529139B4E}.Release|Any CPU.ActiveCfg = Release|Any CPU
		{43AF46B5-5611-4F5B-A22F-FA6529139B4E}.Release|Any CPU.Build.0 = Release|Any CPU
		{4CCEB3D3-258F-4DE1-A486-6B3D839C9989}.Debug|Any CPU.ActiveCfg = Debug|Any CPU
		{4CCEB3D3-258F-4DE1-A486-6B3D839C9989}.Debug|Any CPU.Build.0 = Debug|Any CPU
		{4CCEB3D3-258F-4DE1-A486-6B3D839C9989}.Release|Any CPU.ActiveCfg = Release|Any CPU
		{4CCEB3D3-258F-4DE1-A486-6B3D839C9989}.Release|Any CPU.Build.0 = Release|Any CPU
		{4093E636-4AE5-4510-B637-AD1B08C84A6B}.Debug|Any CPU.ActiveCfg = Debug|Any CPU
		{4093E636-4AE5-4510-B637-AD1B08C84A6B}.Debug|Any CPU.Build.0 = Debug|Any CPU
		{4093E636-4AE5-4510-B637-AD1B08C84A6B}.Release|Any CPU.ActiveCfg = Release|Any CPU
		{4093E636-4AE5-4510-B637-AD1B08C84A6B}.Release|Any CPU.Build.0 = Release|Any CPU
		{28743B1E-CCBB-454A-80F9-C4FA68C9BB8B}.Debug|Any CPU.ActiveCfg = Debug|Any CPU
		{28743B1E-CCBB-454A-80F9-C4FA68C9BB8B}.Debug|Any CPU.Build.0 = Debug|Any CPU
		{28743B1E-CCBB-454A-80F9-C4FA68C9BB8B}.Release|Any CPU.ActiveCfg = Release|Any CPU
		{28743B1E-CCBB-454A-80F9-C4FA68C9BB8B}.Release|Any CPU.Build.0 = Release|Any CPU
		{2C9DBF85-8326-4FF8-BBE3-624B10353E79}.Debug|Any CPU.ActiveCfg = Debug|Any CPU
		{2C9DBF85-8326-4FF8-BBE3-624B10353E79}.Debug|Any CPU.Build.0 = Debug|Any CPU
		{2C9DBF85-8326-4FF8-BBE3-624B10353E79}.Release|Any CPU.ActiveCfg = Release|Any CPU
		{2C9DBF85-8326-4FF8-BBE3-624B10353E79}.Release|Any CPU.Build.0 = Release|Any CPU
	EndGlobalSection
	GlobalSection(SolutionProperties) = preSolution
		HideSolutionNode = FALSE
	EndGlobalSection
	GlobalSection(NestedProjects) = preSolution
		{FDDC1205-AE29-423C-BB4E-C6E07C5DEAC8} = {E990DD2F-0CE5-4591-82BF-FCAB3EBE755C}
		{728C1FC7-6AC2-42FD-A4A7-761CF95A5FAD} = {E990DD2F-0CE5-4591-82BF-FCAB3EBE755C}
		{66296BD0-AD9D-49DC-BFD9-3FB831680785} = {E990DD2F-0CE5-4591-82BF-FCAB3EBE755C}
		{B4B6DF51-BC69-4156-A260-24E5AC472381} = {61699334-9F93-440A-8A38-97F007C3BBB4}
		{5E8E889E-4D39-4309-BB8C-1F5ABC16EBBC} = {61699334-9F93-440A-8A38-97F007C3BBB4}
		{354F4F01-7683-4F82-9B45-757A3DE1ABFA} = {61699334-9F93-440A-8A38-97F007C3BBB4}
		{6AE0C698-9077-4ED9-B38D-16C660495B33} = {098211B6-0D3E-49C5-A90C-AE1EBB6B2699}
		{CFD6BD11-D0E5-496B-8428-74E567DA0265} = {098211B6-0D3E-49C5-A90C-AE1EBB6B2699}
		{F2160E7D-E048-49AE-8B18-D1D02156BBFC} = {098211B6-0D3E-49C5-A90C-AE1EBB6B2699}
		{12E9603D-E2DE-41CF-B860-06AB0CF73495} = {04F612AE-30B3-4E97-801A-C8408D1A039F}
		{B08719C5-BD13-41E3-B612-FC8E2347A1D1} = {04F612AE-30B3-4E97-801A-C8408D1A039F}
		{9827FA72-DE45-4775-A4C9-25C0D06AB308} = {04F612AE-30B3-4E97-801A-C8408D1A039F}
		{74822284-7A58-43A7-A4AE-DBCA0230BF02} = {36649A39-1907-4B57-88F0-CDB637D838E9}
		{43AF46B5-5611-4F5B-A22F-FA6529139B4E} = {36649A39-1907-4B57-88F0-CDB637D838E9}
		{4CCEB3D3-258F-4DE1-A486-6B3D839C9989} = {36649A39-1907-4B57-88F0-CDB637D838E9}
		{4093E636-4AE5-4510-B637-AD1B08C84A6B} = {D705DB51-2F23-4989-A059-1B480CF71D84}
		{28743B1E-CCBB-454A-80F9-C4FA68C9BB8B} = {D705DB51-2F23-4989-A059-1B480CF71D84}
		{2C9DBF85-8326-4FF8-BBE3-624B10353E79} = {D705DB51-2F23-4989-A059-1B480CF71D84}
	EndGlobalSection
	GlobalSection(ExtensibilityGlobals) = postSolution
		SolutionGuid = {43BED8CE-7065-4BA2-9D4D-D521084DB1BA}
	EndGlobalSection
EndGlobal
